
Microsoft Visual Studio Solution File, Format Version 12.00
# Visual Studio 2012
Project("{FAE04EC0-301F-11D3-BF4B-00C04F79EFBC}") = "ShopPractice", "ShopPractice.csproj", "{EC499D52-96F8-462C-A160-2872B059165F}"
EndProject
Global
	GlobalSection(SolutionConfigurationPlatforms) = preSolution
		Debug|Any CPU = Debug|Any CPU
		Release|Any CPU = Release|Any CPU
	EndGlobalSection
	GlobalSection(ProjectConfigurationPlatforms) = postSolution
		{EC499D52-96F8-462C-A160-2872B059165F}.Debug|Any CPU.ActiveCfg = Debug|Any CPU
		{EC499D52-96F8-462C-A160-2872B059165F}.Debug|Any CPU.Build.0 = Debug|Any CPU
		{EC499D52-96F8-462C-A160-2872B059165F}.Release|Any CPU.ActiveCfg = Release|Any CPU
		{EC499D52-96F8-462C-A160-2872B059165F}.Release|Any CPU.Build.0 = Release|Any CPU
	EndGlobalSection
EndGlobal
